// !$*UTF8*$!
{
	archiveVersion = 1;
	classes = {
	};
	objectVersion = 46;
	objects = {

/* Begin PBXAggregateTarget section */
		"Hermes::HermesPackageTests::ProductTarget" /* HermesPackageTests */ = {
			isa = PBXAggregateTarget;
			buildConfigurationList = OBJ_99 /* Build configuration list for PBXAggregateTarget "HermesPackageTests" */;
			buildPhases = (
			);
			dependencies = (
				OBJ_102 /* PBXTargetDependency */,
				OBJ_103 /* PBXTargetDependency */,
			);
			name = HermesPackageTests;
			productName = HermesPackageTests;
		};
/* End PBXAggregateTarget section */

/* Begin PBXBuildFile section */
		3F90F326205329F900221847 /* Channel.swift in Sources */ = {isa = PBXBuildFile; fileRef = 3F90F320205329D400221847 /* Channel.swift */; };
		3F90F327205329FD00221847 /* Instruction.swift in Sources */ = {isa = PBXBuildFile; fileRef = 3F90F322205329E000221847 /* Instruction.swift */; };
		3F90F32820532A0100221847 /* Identifier.swift in Sources */ = {isa = PBXBuildFile; fileRef = 3F90F324205329EF00221847 /* Identifier.swift */; };
		3F90F32A20532A1900221847 /* MessageType.swift in Sources */ = {isa = PBXBuildFile; fileRef = 3F90F32920532A1900221847 /* MessageType.swift */; };
		3F90F32C20532A2500221847 /* Command.swift in Sources */ = {isa = PBXBuildFile; fileRef = 3F90F32B20532A2500221847 /* Command.swift */; };
		3F90F32E20532A3400221847 /* Status.swift in Sources */ = {isa = PBXBuildFile; fileRef = 3F90F32D20532A3400221847 /* Status.swift */; };
		3F90F3322056F06500221847 /* MockWebSocket.swift in Sources */ = {isa = PBXBuildFile; fileRef = 3F90F3302056EE9A00221847 /* MockWebSocket.swift */; };
		OBJ_36 /* Package.swift in Sources */ = {isa = PBXBuildFile; fileRef = OBJ_6 /* Package.swift */; };
		OBJ_42 /* Package.swift in Sources */ = {isa = PBXBuildFile; fileRef = OBJ_21 /* Package.swift */; };
		OBJ_48 /* HermesTests.swift in Sources */ = {isa = PBXBuildFile; fileRef = OBJ_18 /* HermesTests.swift */; };
		OBJ_50 /* Hermes.framework in Frameworks */ = {isa = PBXBuildFile; fileRef = "Hermes::Hermes::Product" /* Hermes.framework */; };
		OBJ_51 /* Starscream.framework in Frameworks */ = {isa = PBXBuildFile; fileRef = "Starscream::Starscream::Product" /* Starscream.framework */; };
		OBJ_61 /* ActionCableTests.swift in Sources */ = {isa = PBXBuildFile; fileRef = OBJ_16 /* ActionCableTests.swift */; };
		OBJ_63 /* ActionCable.framework in Frameworks */ = {isa = PBXBuildFile; fileRef = "Hermes::ActionCable::Product" /* ActionCable.framework */; };
		OBJ_64 /* Hermes.framework in Frameworks */ = {isa = PBXBuildFile; fileRef = "Hermes::Hermes::Product" /* Hermes.framework */; };
		OBJ_65 /* Starscream.framework in Frameworks */ = {isa = PBXBuildFile; fileRef = "Starscream::Starscream::Product" /* Starscream.framework */; };
		OBJ_74 /* ActionCable.swift in Sources */ = {isa = PBXBuildFile; fileRef = OBJ_13 /* ActionCable.swift */; };
		OBJ_76 /* Hermes.framework in Frameworks */ = {isa = PBXBuildFile; fileRef = "Hermes::Hermes::Product" /* Hermes.framework */; };
		OBJ_77 /* Starscream.framework in Frameworks */ = {isa = PBXBuildFile; fileRef = "Starscream::Starscream::Product" /* Starscream.framework */; };
		OBJ_84 /* Hermes.swift in Sources */ = {isa = PBXBuildFile; fileRef = OBJ_9 /* Hermes.swift */; };
		OBJ_85 /* Request.swift in Sources */ = {isa = PBXBuildFile; fileRef = OBJ_10 /* Request.swift */; };
		OBJ_86 /* WebSocket.swift in Sources */ = {isa = PBXBuildFile; fileRef = OBJ_11 /* WebSocket.swift */; };
		OBJ_88 /* Starscream.framework in Frameworks */ = {isa = PBXBuildFile; fileRef = "Starscream::Starscream::Product" /* Starscream.framework */; };
		OBJ_94 /* Compression.swift in Sources */ = {isa = PBXBuildFile; fileRef = OBJ_22 /* Compression.swift */; };
		OBJ_95 /* SSLSecurity.swift in Sources */ = {isa = PBXBuildFile; fileRef = OBJ_23 /* SSLSecurity.swift */; };
		OBJ_96 /* WebSocket.swift in Sources */ = {isa = PBXBuildFile; fileRef = OBJ_24 /* WebSocket.swift */; };
/* End PBXBuildFile section */

/* Begin PBXContainerItemProxy section */
		3F90F3162053266800221847 /* PBXContainerItemProxy */ = {
			isa = PBXContainerItemProxy;
			containerPortal = OBJ_1 /* Project object */;
			proxyType = 1;
			remoteGlobalIDString = "Hermes::Hermes";
			remoteInfo = Hermes;
		};
		3F90F3172053266800221847 /* PBXContainerItemProxy */ = {
			isa = PBXContainerItemProxy;
			containerPortal = OBJ_1 /* Project object */;
			proxyType = 1;
			remoteGlobalIDString = "Starscream::Starscream";
			remoteInfo = Starscream;
		};
		3F90F3182053266800221847 /* PBXContainerItemProxy */ = {
			isa = PBXContainerItemProxy;
			containerPortal = OBJ_1 /* Project object */;
			proxyType = 1;
			remoteGlobalIDString = "Starscream::Starscream";
			remoteInfo = Starscream;
		};
		3F90F3192053266800221847 /* PBXContainerItemProxy */ = {
			isa = PBXContainerItemProxy;
			containerPortal = OBJ_1 /* Project object */;
			proxyType = 1;
			remoteGlobalIDString = "Hermes::Hermes";
			remoteInfo = Hermes;
		};
		3F90F31A2053266800221847 /* PBXContainerItemProxy */ = {
			isa = PBXContainerItemProxy;
			containerPortal = OBJ_1 /* Project object */;
			proxyType = 1;
			remoteGlobalIDString = "Starscream::Starscream";
			remoteInfo = Starscream;
		};
		3F90F31B2053266800221847 /* PBXContainerItemProxy */ = {
			isa = PBXContainerItemProxy;
			containerPortal = OBJ_1 /* Project object */;
			proxyType = 1;
			remoteGlobalIDString = "Hermes::ActionCable";
			remoteInfo = ActionCable;
		};
		3F90F31C2053266800221847 /* PBXContainerItemProxy */ = {
			isa = PBXContainerItemProxy;
			containerPortal = OBJ_1 /* Project object */;
			proxyType = 1;
			remoteGlobalIDString = "Hermes::Hermes";
			remoteInfo = Hermes;
		};
		3F90F31D2053266800221847 /* PBXContainerItemProxy */ = {
			isa = PBXContainerItemProxy;
			containerPortal = OBJ_1 /* Project object */;
			proxyType = 1;
			remoteGlobalIDString = "Starscream::Starscream";
			remoteInfo = Starscream;
		};
		3F90F31E2053266800221847 /* PBXContainerItemProxy */ = {
			isa = PBXContainerItemProxy;
			containerPortal = OBJ_1 /* Project object */;
			proxyType = 1;
			remoteGlobalIDString = "Hermes::ActionCableTests";
			remoteInfo = ActionCableTests;
		};
		3F90F31F2053266800221847 /* PBXContainerItemProxy */ = {
			isa = PBXContainerItemProxy;
			containerPortal = OBJ_1 /* Project object */;
			proxyType = 1;
			remoteGlobalIDString = "Hermes::HermesTests";
			remoteInfo = HermesTests;
		};
/* End PBXContainerItemProxy section */

/* Begin PBXFileReference section */
		3F90F320205329D400221847 /* Channel.swift */ = {isa = PBXFileReference; lastKnownFileType = sourcecode.swift; path = Channel.swift; sourceTree = "<group>"; };
		3F90F322205329E000221847 /* Instruction.swift */ = {isa = PBXFileReference; lastKnownFileType = sourcecode.swift; path = Instruction.swift; sourceTree = "<group>"; };
		3F90F324205329EF00221847 /* Identifier.swift */ = {isa = PBXFileReference; lastKnownFileType = sourcecode.swift; path = Identifier.swift; sourceTree = "<group>"; };
		3F90F32920532A1900221847 /* MessageType.swift */ = {isa = PBXFileReference; lastKnownFileType = sourcecode.swift; path = MessageType.swift; sourceTree = "<group>"; };
		3F90F32B20532A2500221847 /* Command.swift */ = {isa = PBXFileReference; lastKnownFileType = sourcecode.swift; path = Command.swift; sourceTree = "<group>"; };
		3F90F32D20532A3400221847 /* Status.swift */ = {isa = PBXFileReference; lastKnownFileType = sourcecode.swift; path = Status.swift; sourceTree = "<group>"; };
		3F90F3302056EE9A00221847 /* MockWebSocket.swift */ = {isa = PBXFileReference; lastKnownFileType = sourcecode.swift; path = MockWebSocket.swift; sourceTree = "<group>"; };
		"Hermes::ActionCable::Product" /* ActionCable.framework */ = {isa = PBXFileReference; explicitFileType = wrapper.framework; path = ActionCable.framework; sourceTree = BUILT_PRODUCTS_DIR; };
		"Hermes::ActionCableTests::Product" /* ActionCableTests.xctest */ = {isa = PBXFileReference; explicitFileType = wrapper.cfbundle; path = ActionCableTests.xctest; sourceTree = BUILT_PRODUCTS_DIR; };
		"Hermes::Hermes::Product" /* Hermes.framework */ = {isa = PBXFileReference; explicitFileType = wrapper.framework; path = Hermes.framework; sourceTree = BUILT_PRODUCTS_DIR; };
		"Hermes::HermesTests::Product" /* HermesTests.xctest */ = {isa = PBXFileReference; explicitFileType = wrapper.cfbundle; path = HermesTests.xctest; sourceTree = BUILT_PRODUCTS_DIR; };
		OBJ_10 /* Request.swift */ = {isa = PBXFileReference; lastKnownFileType = sourcecode.swift; path = Request.swift; sourceTree = "<group>"; };
		OBJ_11 /* WebSocket.swift */ = {isa = PBXFileReference; lastKnownFileType = sourcecode.swift; path = WebSocket.swift; sourceTree = "<group>"; };
		OBJ_13 /* ActionCable.swift */ = {isa = PBXFileReference; lastKnownFileType = sourcecode.swift; path = ActionCable.swift; sourceTree = "<group>"; };
		OBJ_16 /* ActionCableTests.swift */ = {isa = PBXFileReference; lastKnownFileType = sourcecode.swift; path = ActionCableTests.swift; sourceTree = "<group>"; };
		OBJ_18 /* HermesTests.swift */ = {isa = PBXFileReference; lastKnownFileType = sourcecode.swift; path = HermesTests.swift; sourceTree = "<group>"; };
		OBJ_21 /* Package.swift */ = {isa = PBXFileReference; explicitFileType = sourcecode.swift; name = Package.swift; path = "/Users/jeremy/Projects/Hermes/.build/checkouts/Starscream.git--8239888854797068891/Package.swift"; sourceTree = "<group>"; };
		OBJ_22 /* Compression.swift */ = {isa = PBXFileReference; lastKnownFileType = sourcecode.swift; path = Compression.swift; sourceTree = "<group>"; };
		OBJ_23 /* SSLSecurity.swift */ = {isa = PBXFileReference; lastKnownFileType = sourcecode.swift; path = SSLSecurity.swift; sourceTree = "<group>"; };
		OBJ_24 /* WebSocket.swift */ = {isa = PBXFileReference; lastKnownFileType = sourcecode.swift; path = WebSocket.swift; sourceTree = "<group>"; };
		OBJ_6 /* Package.swift */ = {isa = PBXFileReference; explicitFileType = sourcecode.swift; path = Package.swift; sourceTree = "<group>"; };
		OBJ_9 /* Hermes.swift */ = {isa = PBXFileReference; lastKnownFileType = sourcecode.swift; path = Hermes.swift; sourceTree = "<group>"; };
		"Starscream::Starscream::Product" /* Starscream.framework */ = {isa = PBXFileReference; explicitFileType = wrapper.framework; path = Starscream.framework; sourceTree = BUILT_PRODUCTS_DIR; };
/* End PBXFileReference section */

/* Begin PBXFrameworksBuildPhase section */
		OBJ_49 /* Frameworks */ = {
			isa = PBXFrameworksBuildPhase;
			buildActionMask = 0;
			files = (
				OBJ_50 /* Hermes.framework in Frameworks */,
				OBJ_51 /* Starscream.framework in Frameworks */,
			);
			runOnlyForDeploymentPostprocessing = 0;
		};
		OBJ_62 /* Frameworks */ = {
			isa = PBXFrameworksBuildPhase;
			buildActionMask = 0;
			files = (
				OBJ_63 /* ActionCable.framework in Frameworks */,
				OBJ_64 /* Hermes.framework in Frameworks */,
				OBJ_65 /* Starscream.framework in Frameworks */,
			);
			runOnlyForDeploymentPostprocessing = 0;
		};
		OBJ_75 /* Frameworks */ = {
			isa = PBXFrameworksBuildPhase;
			buildActionMask = 0;
			files = (
				OBJ_76 /* Hermes.framework in Frameworks */,
				OBJ_77 /* Starscream.framework in Frameworks */,
			);
			runOnlyForDeploymentPostprocessing = 0;
		};
		OBJ_87 /* Frameworks */ = {
			isa = PBXFrameworksBuildPhase;
			buildActionMask = 0;
			files = (
				OBJ_88 /* Starscream.framework in Frameworks */,
			);
			runOnlyForDeploymentPostprocessing = 0;
		};
		OBJ_97 /* Frameworks */ = {
			isa = PBXFrameworksBuildPhase;
			buildActionMask = 0;
			files = (
			);
			runOnlyForDeploymentPostprocessing = 0;
		};
/* End PBXFrameworksBuildPhase section */

/* Begin PBXGroup section */
		3F90F32F2053399F00221847 /* Models */ = {
			isa = PBXGroup;
			children = (
				3F90F320205329D400221847 /* Channel.swift */,
				3F90F322205329E000221847 /* Instruction.swift */,
				3F90F324205329EF00221847 /* Identifier.swift */,
				3F90F32920532A1900221847 /* MessageType.swift */,
				3F90F32B20532A2500221847 /* Command.swift */,
				3F90F32D20532A3400221847 /* Status.swift */,
			);
			path = Models;
			sourceTree = SOURCE_ROOT;
		};
		OBJ_12 /* ActionCable */ = {
			isa = PBXGroup;
			children = (
				OBJ_13 /* ActionCable.swift */,
				3F90F32F2053399F00221847 /* Models */,
			);
			name = ActionCable;
			path = Sources/ActionCable;
			sourceTree = SOURCE_ROOT;
		};
		OBJ_14 /* Tests */ = {
			isa = PBXGroup;
			children = (
				OBJ_15 /* ActionCableTests */,
				OBJ_17 /* HermesTests */,
			);
			name = Tests;
			sourceTree = SOURCE_ROOT;
		};
		OBJ_15 /* ActionCableTests */ = {
			isa = PBXGroup;
			children = (
				OBJ_16 /* ActionCableTests.swift */,
			);
			name = ActionCableTests;
			path = Tests/ActionCableTests;
			sourceTree = SOURCE_ROOT;
		};
		OBJ_17 /* HermesTests */ = {
			isa = PBXGroup;
			children = (
				OBJ_18 /* HermesTests.swift */,
				3F90F3302056EE9A00221847 /* MockWebSocket.swift */,
			);
			name = HermesTests;
			path = Tests/HermesTests;
			sourceTree = SOURCE_ROOT;
		};
		OBJ_19 /* Dependencies */ = {
			isa = PBXGroup;
			children = (
				OBJ_20 /* Starscream 3.0.4 */,
			);
			name = Dependencies;
			sourceTree = "<group>";
		};
		OBJ_20 /* Starscream 3.0.4 */ = {
			isa = PBXGroup;
			children = (
				OBJ_21 /* Package.swift */,
				OBJ_22 /* Compression.swift */,
				OBJ_23 /* SSLSecurity.swift */,
				OBJ_24 /* WebSocket.swift */,
			);
			name = "Starscream 3.0.4";
			path = ".build/checkouts/Starscream.git--8239888854797068891/Sources";
			sourceTree = SOURCE_ROOT;
		};
		OBJ_25 /* Products */ = {
			isa = PBXGroup;
			children = (
				"Hermes::HermesTests::Product" /* HermesTests.xctest */,
				"Hermes::ActionCableTests::Product" /* ActionCableTests.xctest */,
				"Hermes::ActionCable::Product" /* ActionCable.framework */,
				"Hermes::Hermes::Product" /* Hermes.framework */,
				"Starscream::Starscream::Product" /* Starscream.framework */,
			);
			name = Products;
			sourceTree = BUILT_PRODUCTS_DIR;
		};
		OBJ_5 /*  */ = {
			isa = PBXGroup;
			children = (
				OBJ_6 /* Package.swift */,
				OBJ_7 /* Sources */,
				OBJ_14 /* Tests */,
				OBJ_19 /* Dependencies */,
				OBJ_25 /* Products */,
			);
			name = "";
			sourceTree = "<group>";
		};
		OBJ_7 /* Sources */ = {
			isa = PBXGroup;
			children = (
				OBJ_8 /* Hermes */,
				OBJ_12 /* ActionCable */,
			);
			name = Sources;
			sourceTree = SOURCE_ROOT;
		};
		OBJ_8 /* Hermes */ = {
			isa = PBXGroup;
			children = (
				OBJ_9 /* Hermes.swift */,
				OBJ_10 /* Request.swift */,
				OBJ_11 /* WebSocket.swift */,
			);
			name = Hermes;
			path = Sources/Hermes;
			sourceTree = SOURCE_ROOT;
		};
/* End PBXGroup section */

/* Begin PBXNativeTarget section */
		"Hermes::ActionCable" /* ActionCable */ = {
			isa = PBXNativeTarget;
			buildConfigurationList = OBJ_70 /* Build configuration list for PBXNativeTarget "ActionCable" */;
			buildPhases = (
				OBJ_73 /* Sources */,
				OBJ_75 /* Frameworks */,
			);
			buildRules = (
			);
			dependencies = (
				OBJ_78 /* PBXTargetDependency */,
				OBJ_79 /* PBXTargetDependency */,
			);
			name = ActionCable;
			productName = ActionCable;
			productReference = "Hermes::ActionCable::Product" /* ActionCable.framework */;
			productType = "com.apple.product-type.framework";
		};
		"Hermes::ActionCableTests" /* ActionCableTests */ = {
			isa = PBXNativeTarget;
			buildConfigurationList = OBJ_57 /* Build configuration list for PBXNativeTarget "ActionCableTests" */;
			buildPhases = (
				OBJ_60 /* Sources */,
				OBJ_62 /* Frameworks */,
			);
			buildRules = (
			);
			dependencies = (
				OBJ_66 /* PBXTargetDependency */,
				OBJ_68 /* PBXTargetDependency */,
				OBJ_69 /* PBXTargetDependency */,
			);
			name = ActionCableTests;
			productName = ActionCableTests;
			productReference = "Hermes::ActionCableTests::Product" /* ActionCableTests.xctest */;
			productType = "com.apple.product-type.bundle.unit-test";
		};
		"Hermes::Hermes" /* Hermes */ = {
			isa = PBXNativeTarget;
			buildConfigurationList = OBJ_80 /* Build configuration list for PBXNativeTarget "Hermes" */;
			buildPhases = (
				OBJ_83 /* Sources */,
				OBJ_87 /* Frameworks */,
			);
			buildRules = (
			);
			dependencies = (
				OBJ_89 /* PBXTargetDependency */,
			);
			name = Hermes;
			productName = Hermes;
			productReference = "Hermes::Hermes::Product" /* Hermes.framework */;
			productType = "com.apple.product-type.framework";
		};
		"Hermes::HermesTests" /* HermesTests */ = {
			isa = PBXNativeTarget;
			buildConfigurationList = OBJ_44 /* Build configuration list for PBXNativeTarget "HermesTests" */;
			buildPhases = (
				OBJ_47 /* Sources */,
				OBJ_49 /* Frameworks */,
			);
			buildRules = (
			);
			dependencies = (
				OBJ_52 /* PBXTargetDependency */,
				OBJ_54 /* PBXTargetDependency */,
			);
			name = HermesTests;
			productName = HermesTests;
			productReference = "Hermes::HermesTests::Product" /* HermesTests.xctest */;
			productType = "com.apple.product-type.bundle.unit-test";
		};
		"Hermes::SwiftPMPackageDescription" /* HermesPackageDescription */ = {
			isa = PBXNativeTarget;
			buildConfigurationList = OBJ_32 /* Build configuration list for PBXNativeTarget "HermesPackageDescription" */;
			buildPhases = (
				OBJ_35 /* Sources */,
			);
			buildRules = (
			);
			dependencies = (
			);
			name = HermesPackageDescription;
			productName = HermesPackageDescription;
			productType = "com.apple.product-type.framework";
		};
		"Starscream::Starscream" /* Starscream */ = {
			isa = PBXNativeTarget;
			buildConfigurationList = OBJ_90 /* Build configuration list for PBXNativeTarget "Starscream" */;
			buildPhases = (
				OBJ_93 /* Sources */,
				OBJ_97 /* Frameworks */,
			);
			buildRules = (
			);
			dependencies = (
			);
			name = Starscream;
			productName = Starscream;
			productReference = "Starscream::Starscream::Product" /* Starscream.framework */;
			productType = "com.apple.product-type.framework";
		};
		"Starscream::SwiftPMPackageDescription" /* StarscreamPackageDescription */ = {
			isa = PBXNativeTarget;
			buildConfigurationList = OBJ_38 /* Build configuration list for PBXNativeTarget "StarscreamPackageDescription" */;
			buildPhases = (
				OBJ_41 /* Sources */,
			);
			buildRules = (
			);
			dependencies = (
			);
			name = StarscreamPackageDescription;
			productName = StarscreamPackageDescription;
			productType = "com.apple.product-type.framework";
		};
/* End PBXNativeTarget section */

/* Begin PBXProject section */
		OBJ_1 /* Project object */ = {
			isa = PBXProject;
			attributes = {
				LastUpgradeCheck = 9999;
			};
			buildConfigurationList = OBJ_2 /* Build configuration list for PBXProject "Hermes" */;
			compatibilityVersion = "Xcode 3.2";
			developmentRegion = English;
			hasScannedForEncodings = 0;
			knownRegions = (
				en,
			);
			mainGroup = OBJ_5 /*  */;
			productRefGroup = OBJ_25 /* Products */;
			projectDirPath = "";
			projectRoot = "";
			targets = (
				"Hermes::SwiftPMPackageDescription" /* HermesPackageDescription */,
				"Starscream::SwiftPMPackageDescription" /* StarscreamPackageDescription */,
				"Hermes::HermesTests" /* HermesTests */,
				"Hermes::ActionCableTests" /* ActionCableTests */,
				"Hermes::ActionCable" /* ActionCable */,
				"Hermes::Hermes" /* Hermes */,
				"Starscream::Starscream" /* Starscream */,
				"Hermes::HermesPackageTests::ProductTarget" /* HermesPackageTests */,
			);
		};
/* End PBXProject section */

/* Begin PBXSourcesBuildPhase section */
		OBJ_35 /* Sources */ = {
			isa = PBXSourcesBuildPhase;
			buildActionMask = 0;
			files = (
				OBJ_36 /* Package.swift in Sources */,
			);
			runOnlyForDeploymentPostprocessing = 0;
		};
		OBJ_41 /* Sources */ = {
			isa = PBXSourcesBuildPhase;
			buildActionMask = 0;
			files = (
				OBJ_42 /* Package.swift in Sources */,
			);
			runOnlyForDeploymentPostprocessing = 0;
		};
		OBJ_47 /* Sources */ = {
			isa = PBXSourcesBuildPhase;
			buildActionMask = 0;
			files = (
				OBJ_48 /* HermesTests.swift in Sources */,
				3F90F3322056F06500221847 /* MockWebSocket.swift in Sources */,
			);
			runOnlyForDeploymentPostprocessing = 0;
		};
		OBJ_60 /* Sources */ = {
			isa = PBXSourcesBuildPhase;
			buildActionMask = 0;
			files = (
				OBJ_61 /* ActionCableTests.swift in Sources */,
			);
			runOnlyForDeploymentPostprocessing = 0;
		};
		OBJ_73 /* Sources */ = {
			isa = PBXSourcesBuildPhase;
			buildActionMask = 0;
			files = (
				3F90F327205329FD00221847 /* Instruction.swift in Sources */,
				OBJ_74 /* ActionCable.swift in Sources */,
				3F90F32E20532A3400221847 /* Status.swift in Sources */,
				3F90F32820532A0100221847 /* Identifier.swift in Sources */,
				3F90F32A20532A1900221847 /* MessageType.swift in Sources */,
				3F90F326205329F900221847 /* Channel.swift in Sources */,
				3F90F32C20532A2500221847 /* Command.swift in Sources */,
			);
			runOnlyForDeploymentPostprocessing = 0;
		};
		OBJ_83 /* Sources */ = {
			isa = PBXSourcesBuildPhase;
			buildActionMask = 0;
			files = (
				OBJ_84 /* Hermes.swift in Sources */,
				OBJ_85 /* Request.swift in Sources */,
				OBJ_86 /* WebSocket.swift in Sources */,
			);
			runOnlyForDeploymentPostprocessing = 0;
		};
		OBJ_93 /* Sources */ = {
			isa = PBXSourcesBuildPhase;
			buildActionMask = 0;
			files = (
				OBJ_94 /* Compression.swift in Sources */,
				OBJ_95 /* SSLSecurity.swift in Sources */,
				OBJ_96 /* WebSocket.swift in Sources */,
			);
			runOnlyForDeploymentPostprocessing = 0;
		};
/* End PBXSourcesBuildPhase section */

/* Begin PBXTargetDependency section */
		OBJ_102 /* PBXTargetDependency */ = {
			isa = PBXTargetDependency;
			target = "Hermes::ActionCableTests" /* ActionCableTests */;
			targetProxy = 3F90F31E2053266800221847 /* PBXContainerItemProxy */;
		};
		OBJ_103 /* PBXTargetDependency */ = {
			isa = PBXTargetDependency;
			target = "Hermes::HermesTests" /* HermesTests */;
			targetProxy = 3F90F31F2053266800221847 /* PBXContainerItemProxy */;
		};
		OBJ_52 /* PBXTargetDependency */ = {
			isa = PBXTargetDependency;
			target = "Hermes::Hermes" /* Hermes */;
			targetProxy = 3F90F3192053266800221847 /* PBXContainerItemProxy */;
		};
		OBJ_54 /* PBXTargetDependency */ = {
			isa = PBXTargetDependency;
			target = "Starscream::Starscream" /* Starscream */;
			targetProxy = 3F90F31A2053266800221847 /* PBXContainerItemProxy */;
		};
		OBJ_66 /* PBXTargetDependency */ = {
			isa = PBXTargetDependency;
			target = "Hermes::ActionCable" /* ActionCable */;
			targetProxy = 3F90F31B2053266800221847 /* PBXContainerItemProxy */;
		};
		OBJ_68 /* PBXTargetDependency */ = {
			isa = PBXTargetDependency;
			target = "Hermes::Hermes" /* Hermes */;
			targetProxy = 3F90F31C2053266800221847 /* PBXContainerItemProxy */;
		};
		OBJ_69 /* PBXTargetDependency */ = {
			isa = PBXTargetDependency;
			target = "Starscream::Starscream" /* Starscream */;
			targetProxy = 3F90F31D2053266800221847 /* PBXContainerItemProxy */;
		};
		OBJ_78 /* PBXTargetDependency */ = {
			isa = PBXTargetDependency;
			target = "Hermes::Hermes" /* Hermes */;
			targetProxy = 3F90F3162053266800221847 /* PBXContainerItemProxy */;
		};
		OBJ_79 /* PBXTargetDependency */ = {
			isa = PBXTargetDependency;
			target = "Starscream::Starscream" /* Starscream */;
			targetProxy = 3F90F3182053266800221847 /* PBXContainerItemProxy */;
		};
		OBJ_89 /* PBXTargetDependency */ = {
			isa = PBXTargetDependency;
			target = "Starscream::Starscream" /* Starscream */;
			targetProxy = 3F90F3172053266800221847 /* PBXContainerItemProxy */;
		};
/* End PBXTargetDependency section */

/* Begin XCBuildConfiguration section */
		OBJ_100 /* Debug */ = {
			isa = XCBuildConfiguration;
			buildSettings = {
			};
			name = Debug;
		};
		OBJ_101 /* Release */ = {
			isa = XCBuildConfiguration;
			buildSettings = {
			};
			name = Release;
		};
		OBJ_3 /* Debug */ = {
			isa = XCBuildConfiguration;
			buildSettings = {
				CLANG_ENABLE_OBJC_ARC = YES;
				COMBINE_HIDPI_IMAGES = YES;
				COPY_PHASE_STRIP = NO;
				DEBUG_INFORMATION_FORMAT = dwarf;
				DYLIB_INSTALL_NAME_BASE = "@rpath";
				ENABLE_NS_ASSERTIONS = YES;
				GCC_OPTIMIZATION_LEVEL = 0;
				MACOSX_DEPLOYMENT_TARGET = 10.10;
				ONLY_ACTIVE_ARCH = YES;
				OTHER_SWIFT_FLAGS = "-DXcode";
				PRODUCT_NAME = "$(TARGET_NAME)";
				SDKROOT = macosx;
				SUPPORTED_PLATFORMS = "macosx iphoneos iphonesimulator appletvos appletvsimulator watchos watchsimulator";
				SWIFT_ACTIVE_COMPILATION_CONDITIONS = SWIFT_PACKAGE;
				SWIFT_OPTIMIZATION_LEVEL = "-Onone";
				SWIFT_VERSION = 4.0;
				USE_HEADERMAP = NO;
			};
			name = Debug;
		};
		OBJ_33 /* Debug */ = {
			isa = XCBuildConfiguration;
			buildSettings = {
				LD = /usr/bin/true;
				OTHER_SWIFT_FLAGS = "-swift-version 4 -I /Applications/Xcode.app/Contents/Developer/Toolchains/XcodeDefault.xctoolchain/usr/lib/swift/pm/4 -target x86_64-apple-macosx10.10 -sdk /Applications/Xcode.app/Contents/Developer/Platforms/MacOSX.platform/Developer/SDKs/MacOSX10.13.sdk";
			};
			name = Debug;
		};
		OBJ_34 /* Release */ = {
			isa = XCBuildConfiguration;
			buildSettings = {
				LD = /usr/bin/true;
				OTHER_SWIFT_FLAGS = "-swift-version 4 -I /Applications/Xcode.app/Contents/Developer/Toolchains/XcodeDefault.xctoolchain/usr/lib/swift/pm/4 -target x86_64-apple-macosx10.10 -sdk /Applications/Xcode.app/Contents/Developer/Platforms/MacOSX.platform/Developer/SDKs/MacOSX10.13.sdk";
			};
			name = Release;
		};
		OBJ_39 /* Debug */ = {
			isa = XCBuildConfiguration;
			buildSettings = {
				LD = /usr/bin/true;
				OTHER_SWIFT_FLAGS = "-swift-version 3 -I /Applications/Xcode.app/Contents/Developer/Toolchains/XcodeDefault.xctoolchain/usr/lib/swift/pm/3 -target x86_64-apple-macosx10.10 -sdk /Applications/Xcode.app/Contents/Developer/Platforms/MacOSX.platform/Developer/SDKs/MacOSX10.13.sdk";
			};
			name = Debug;
		};
		OBJ_4 /* Release */ = {
			isa = XCBuildConfiguration;
			buildSettings = {
				CLANG_ENABLE_OBJC_ARC = YES;
				COMBINE_HIDPI_IMAGES = YES;
				COPY_PHASE_STRIP = YES;
				DEBUG_INFORMATION_FORMAT = "dwarf-with-dsym";
				DYLIB_INSTALL_NAME_BASE = "@rpath";
				GCC_OPTIMIZATION_LEVEL = s;
				MACOSX_DEPLOYMENT_TARGET = 10.10;
				OTHER_SWIFT_FLAGS = "-DXcode";
				PRODUCT_NAME = "$(TARGET_NAME)";
				SDKROOT = macosx;
				SUPPORTED_PLATFORMS = "macosx iphoneos iphonesimulator appletvos appletvsimulator watchos watchsimulator";
				SWIFT_ACTIVE_COMPILATION_CONDITIONS = SWIFT_PACKAGE;
				SWIFT_OPTIMIZATION_LEVEL = "-Owholemodule";
				SWIFT_VERSION = 4.0;
				USE_HEADERMAP = NO;
			};
			name = Release;
		};
		OBJ_40 /* Release */ = {
			isa = XCBuildConfiguration;
			buildSettings = {
				LD = /usr/bin/true;
				OTHER_SWIFT_FLAGS = "-swift-version 3 -I /Applications/Xcode.app/Contents/Developer/Toolchains/XcodeDefault.xctoolchain/usr/lib/swift/pm/3 -target x86_64-apple-macosx10.10 -sdk /Applications/Xcode.app/Contents/Developer/Platforms/MacOSX.platform/Developer/SDKs/MacOSX10.13.sdk";
			};
			name = Release;
		};
		OBJ_45 /* Debug */ = {
			isa = XCBuildConfiguration;
			buildSettings = {
				EMBEDDED_CONTENT_CONTAINS_SWIFT = YES;
				FRAMEWORK_SEARCH_PATHS = (
					"$(inherited)",
					"$(PLATFORM_DIR)/Developer/Library/Frameworks",
				);
				HEADER_SEARCH_PATHS = (
					"$(inherited)",
					"$(SRCROOT)/.build/checkouts/common-crypto-spm--132958532151328779",
					"$(SRCROOT)/.build/checkouts/zlib-spm.git-7042465659040932026",
				);
				INFOPLIST_FILE = Hermes.xcodeproj/HermesTests_Info.plist;
				LD_RUNPATH_SEARCH_PATHS = "@loader_path/../Frameworks @loader_path/Frameworks";
				OTHER_LDFLAGS = "$(inherited)";
				OTHER_SWIFT_FLAGS = "$(inherited)";
				TARGET_NAME = HermesTests;
			};
			name = Debug;
		};
		OBJ_46 /* Release */ = {
			isa = XCBuildConfiguration;
			buildSettings = {
				EMBEDDED_CONTENT_CONTAINS_SWIFT = YES;
				FRAMEWORK_SEARCH_PATHS = (
					"$(inherited)",
					"$(PLATFORM_DIR)/Developer/Library/Frameworks",
				);
				HEADER_SEARCH_PATHS = (
					"$(inherited)",
					"$(SRCROOT)/.build/checkouts/common-crypto-spm--132958532151328779",
					"$(SRCROOT)/.build/checkouts/zlib-spm.git-7042465659040932026",
				);
				INFOPLIST_FILE = Hermes.xcodeproj/HermesTests_Info.plist;
				LD_RUNPATH_SEARCH_PATHS = "@loader_path/../Frameworks @loader_path/Frameworks";
				OTHER_LDFLAGS = "$(inherited)";
				OTHER_SWIFT_FLAGS = "$(inherited)";
				TARGET_NAME = HermesTests;
			};
			name = Release;
		};
		OBJ_58 /* Debug */ = {
			isa = XCBuildConfiguration;
			buildSettings = {
				EMBEDDED_CONTENT_CONTAINS_SWIFT = YES;
				FRAMEWORK_SEARCH_PATHS = (
					"$(inherited)",
					"$(PLATFORM_DIR)/Developer/Library/Frameworks",
				);
				HEADER_SEARCH_PATHS = (
					"$(inherited)",
					"$(SRCROOT)/.build/checkouts/common-crypto-spm--132958532151328779",
					"$(SRCROOT)/.build/checkouts/zlib-spm.git-7042465659040932026",
				);
				INFOPLIST_FILE = Hermes.xcodeproj/ActionCableTests_Info.plist;
				LD_RUNPATH_SEARCH_PATHS = "@loader_path/../Frameworks @loader_path/Frameworks";
				OTHER_LDFLAGS = "$(inherited)";
				OTHER_SWIFT_FLAGS = "$(inherited)";
				TARGET_NAME = ActionCableTests;
			};
			name = Debug;
		};
		OBJ_59 /* Release */ = {
			isa = XCBuildConfiguration;
			buildSettings = {
				EMBEDDED_CONTENT_CONTAINS_SWIFT = YES;
				FRAMEWORK_SEARCH_PATHS = (
					"$(inherited)",
					"$(PLATFORM_DIR)/Developer/Library/Frameworks",
				);
				HEADER_SEARCH_PATHS = (
					"$(inherited)",
					"$(SRCROOT)/.build/checkouts/common-crypto-spm--132958532151328779",
					"$(SRCROOT)/.build/checkouts/zlib-spm.git-7042465659040932026",
				);
				INFOPLIST_FILE = Hermes.xcodeproj/ActionCableTests_Info.plist;
				LD_RUNPATH_SEARCH_PATHS = "@loader_path/../Frameworks @loader_path/Frameworks";
				OTHER_LDFLAGS = "$(inherited)";
				OTHER_SWIFT_FLAGS = "$(inherited)";
				TARGET_NAME = ActionCableTests;
			};
			name = Release;
		};
		OBJ_71 /* Debug */ = {
			isa = XCBuildConfiguration;
			buildSettings = {
				ENABLE_TESTABILITY = YES;
				FRAMEWORK_SEARCH_PATHS = (
					"$(inherited)",
					"$(PLATFORM_DIR)/Developer/Library/Frameworks",
				);
				HEADER_SEARCH_PATHS = (
					"$(inherited)",
					"$(SRCROOT)/.build/checkouts/common-crypto-spm--132958532151328779",
					"$(SRCROOT)/.build/checkouts/zlib-spm.git-7042465659040932026",
				);
				INFOPLIST_FILE = Hermes.xcodeproj/ActionCable_Info.plist;
				LD_RUNPATH_SEARCH_PATHS = "$(TOOLCHAIN_DIR)/usr/lib/swift/macosx";
				OTHER_LDFLAGS = "$(inherited)";
				OTHER_SWIFT_FLAGS = "$(inherited)";
				PRODUCT_BUNDLE_IDENTIFIER = ActionCable;
				PRODUCT_MODULE_NAME = "$(TARGET_NAME:c99extidentifier)";
				PRODUCT_NAME = "$(TARGET_NAME:c99extidentifier)";
				SKIP_INSTALL = YES;
				TARGET_NAME = ActionCable;
			};
			name = Debug;
		};
		OBJ_72 /* Release */ = {
			isa = XCBuildConfiguration;
			buildSettings = {
				ENABLE_TESTABILITY = YES;
				FRAMEWORK_SEARCH_PATHS = (
					"$(inherited)",
					"$(PLATFORM_DIR)/Developer/Library/Frameworks",
				);
				HEADER_SEARCH_PATHS = (
					"$(inherited)",
					"$(SRCROOT)/.build/checkouts/common-crypto-spm--132958532151328779",
					"$(SRCROOT)/.build/checkouts/zlib-spm.git-7042465659040932026",
				);
				INFOPLIST_FILE = Hermes.xcodeproj/ActionCable_Info.plist;
				LD_RUNPATH_SEARCH_PATHS = "$(TOOLCHAIN_DIR)/usr/lib/swift/macosx";
				OTHER_LDFLAGS = "$(inherited)";
				OTHER_SWIFT_FLAGS = "$(inherited)";
				PRODUCT_BUNDLE_IDENTIFIER = ActionCable;
				PRODUCT_MODULE_NAME = "$(TARGET_NAME:c99extidentifier)";
				PRODUCT_NAME = "$(TARGET_NAME:c99extidentifier)";
				SKIP_INSTALL = YES;
				TARGET_NAME = ActionCable;
			};
			name = Release;
		};
		OBJ_81 /* Debug */ = {
			isa = XCBuildConfiguration;
			buildSettings = {
				ENABLE_TESTABILITY = YES;
				FRAMEWORK_SEARCH_PATHS = (
					"$(inherited)",
					"$(PLATFORM_DIR)/Developer/Library/Frameworks",
				);
				HEADER_SEARCH_PATHS = (
					"$(inherited)",
					"$(SRCROOT)/.build/checkouts/common-crypto-spm--132958532151328779",
					"$(SRCROOT)/.build/checkouts/zlib-spm.git-7042465659040932026",
				);
				INFOPLIST_FILE = Hermes.xcodeproj/Hermes_Info.plist;
				LD_RUNPATH_SEARCH_PATHS = "$(TOOLCHAIN_DIR)/usr/lib/swift/macosx";
				OTHER_LDFLAGS = "$(inherited)";
				OTHER_SWIFT_FLAGS = "$(inherited)";
				PRODUCT_BUNDLE_IDENTIFIER = Hermes;
				PRODUCT_MODULE_NAME = "$(TARGET_NAME:c99extidentifier)";
				PRODUCT_NAME = "$(TARGET_NAME:c99extidentifier)";
				SKIP_INSTALL = YES;
				TARGET_NAME = Hermes;
			};
			name = Debug;
		};
		OBJ_82 /* Release */ = {
			isa = XCBuildConfiguration;
			buildSettings = {
				ENABLE_TESTABILITY = YES;
				FRAMEWORK_SEARCH_PATHS = (
					"$(inherited)",
					"$(PLATFORM_DIR)/Developer/Library/Frameworks",
				);
				HEADER_SEARCH_PATHS = (
					"$(inherited)",
					"$(SRCROOT)/.build/checkouts/common-crypto-spm--132958532151328779",
					"$(SRCROOT)/.build/checkouts/zlib-spm.git-7042465659040932026",
				);
				INFOPLIST_FILE = Hermes.xcodeproj/Hermes_Info.plist;
				LD_RUNPATH_SEARCH_PATHS = "$(TOOLCHAIN_DIR)/usr/lib/swift/macosx";
				OTHER_LDFLAGS = "$(inherited)";
				OTHER_SWIFT_FLAGS = "$(inherited)";
				PRODUCT_BUNDLE_IDENTIFIER = Hermes;
				PRODUCT_MODULE_NAME = "$(TARGET_NAME:c99extidentifier)";
				PRODUCT_NAME = "$(TARGET_NAME:c99extidentifier)";
				SKIP_INSTALL = YES;
				TARGET_NAME = Hermes;
			};
			name = Release;
		};
		OBJ_91 /* Debug */ = {
			isa = XCBuildConfiguration;
			buildSettings = {
				ENABLE_TESTABILITY = YES;
				FRAMEWORK_SEARCH_PATHS = (
					"$(inherited)",
					"$(PLATFORM_DIR)/Developer/Library/Frameworks",
				);
				HEADER_SEARCH_PATHS = (
					"$(inherited)",
					"$(SRCROOT)/.build/checkouts/common-crypto-spm--132958532151328779",
					"$(SRCROOT)/.build/checkouts/zlib-spm.git-7042465659040932026",
				);
				INFOPLIST_FILE = Hermes.xcodeproj/Starscream_Info.plist;
				LD_RUNPATH_SEARCH_PATHS = "$(TOOLCHAIN_DIR)/usr/lib/swift/macosx";
				OTHER_LDFLAGS = "$(inherited)";
				OTHER_SWIFT_FLAGS = "$(inherited)";
				PRODUCT_BUNDLE_IDENTIFIER = Starscream;
				PRODUCT_MODULE_NAME = "$(TARGET_NAME:c99extidentifier)";
				PRODUCT_NAME = "$(TARGET_NAME:c99extidentifier)";
				SKIP_INSTALL = YES;
				TARGET_NAME = Starscream;
			};
			name = Debug;
		};
		OBJ_92 /* Release */ = {
			isa = XCBuildConfiguration;
			buildSettings = {
				ENABLE_TESTABILITY = YES;
				FRAMEWORK_SEARCH_PATHS = (
					"$(inherited)",
					"$(PLATFORM_DIR)/Developer/Library/Frameworks",
				);
				HEADER_SEARCH_PATHS = (
					"$(inherited)",
					"$(SRCROOT)/.build/checkouts/common-crypto-spm--132958532151328779",
					"$(SRCROOT)/.build/checkouts/zlib-spm.git-7042465659040932026",
				);
				INFOPLIST_FILE = Hermes.xcodeproj/Starscream_Info.plist;
				LD_RUNPATH_SEARCH_PATHS = "$(TOOLCHAIN_DIR)/usr/lib/swift/macosx";
				OTHER_LDFLAGS = "$(inherited)";
				OTHER_SWIFT_FLAGS = "$(inherited)";
				PRODUCT_BUNDLE_IDENTIFIER = Starscream;
				PRODUCT_MODULE_NAME = "$(TARGET_NAME:c99extidentifier)";
				PRODUCT_NAME = "$(TARGET_NAME:c99extidentifier)";
				SKIP_INSTALL = YES;
				TARGET_NAME = Starscream;
			};
			name = Release;
		};
/* End XCBuildConfiguration section */

/* Begin XCConfigurationList section */
		OBJ_2 /* Build configuration list for PBXProject "Hermes" */ = {
			isa = XCConfigurationList;
			buildConfigurations = (
				OBJ_3 /* Debug */,
				OBJ_4 /* Release */,
			);
			defaultConfigurationIsVisible = 0;
			defaultConfigurationName = Debug;
		};
		OBJ_32 /* Build configuration list for PBXNativeTarget "HermesPackageDescription" */ = {
			isa = XCConfigurationList;
			buildConfigurations = (
				OBJ_33 /* Debug */,
				OBJ_34 /* Release */,
			);
			defaultConfigurationIsVisible = 0;
			defaultConfigurationName = Debug;
		};
		OBJ_38 /* Build configuration list for PBXNativeTarget "StarscreamPackageDescription" */ = {
			isa = XCConfigurationList;
			buildConfigurations = (
				OBJ_39 /* Debug */,
				OBJ_40 /* Release */,
			);
			defaultConfigurationIsVisible = 0;
			defaultConfigurationName = Debug;
		};
		OBJ_44 /* Build configuration list for PBXNativeTarget "HermesTests" */ = {
			isa = XCConfigurationList;
			buildConfigurations = (
				OBJ_45 /* Debug */,
				OBJ_46 /* Release */,
			);
			defaultConfigurationIsVisible = 0;
			defaultConfigurationName = Debug;
		};
		OBJ_57 /* Build configuration list for PBXNativeTarget "ActionCableTests" */ = {
			isa = XCConfigurationList;
			buildConfigurations = (
				OBJ_58 /* Debug */,
				OBJ_59 /* Release */,
			);
			defaultConfigurationIsVisible = 0;
			defaultConfigurationName = Debug;
		};
		OBJ_70 /* Build configuration list for PBXNativeTarget "ActionCable" */ = {
			isa = XCConfigurationList;
			buildConfigurations = (
				OBJ_71 /* Debug */,
				OBJ_72 /* Release */,
			);
			defaultConfigurationIsVisible = 0;
			defaultConfigurationName = Debug;
		};
		OBJ_80 /* Build configuration list for PBXNativeTarget "Hermes" */ = {
			isa = XCConfigurationList;
			buildConfigurations = (
				OBJ_81 /* Debug */,
				OBJ_82 /* Release */,
			);
			defaultConfigurationIsVisible = 0;
			defaultConfigurationName = Debug;
		};
		OBJ_90 /* Build configuration list for PBXNativeTarget "Starscream" */ = {
			isa = XCConfigurationList;
			buildConfigurations = (
				OBJ_91 /* Debug */,
				OBJ_92 /* Release */,
			);
			defaultConfigurationIsVisible = 0;
			defaultConfigurationName = Debug;
		};
		OBJ_99 /* Build configuration list for PBXAggregateTarget "HermesPackageTests" */ = {
			isa = XCConfigurationList;
			buildConfigurations = (
				OBJ_100 /* Debug */,
				OBJ_101 /* Release */,
			);
			defaultConfigurationIsVisible = 0;
			defaultConfigurationName = Debug;
		};
/* End XCConfigurationList section */
	};
	rootObject = OBJ_1 /* Project object */;
}
